
Microsoft Visual Studio Solution File, Format Version 12.00
# Visual Studio Version 17
VisualStudioVersion = 17.2.32616.157
MinimumVisualStudioVersion = 10.0.40219.1
Project("{FAE04EC0-301F-11D3-BF4B-00C04F79EFBC}") = "Snake", "Snake\Snake.csproj", "{50FDF420-2F95-495B-8953-F4DABE8F092E}"
EndProject
Global
	GlobalSection(SolutionConfigurationPlatforms) = preSolution
		Debug|Any CPU = Debug|Any CPU
		Release|Any CPU = Release|Any CPU
	EndGlobalSection
	GlobalSection(ProjectConfigurationPlatforms) = postSolution
		{50FDF420-2F95-495B-8953-F4DABE8F092E}.Debug|Any CPU.ActiveCfg = Debug|Any CPU
		{50FDF420-2F95-495B-8953-F4DABE8F092E}.Debug|Any CPU.Build.0 = Debug|Any CPU
		{50FDF420-2F95-495B-8953-F4DABE8F092E}.Release|Any CPU.ActiveCfg = Release|Any CPU
		{50FDF420-2F95-495B-8953-F4DABE8F092E}.Release|Any CPU.Build.0 = Release|Any CPU
	EndGlobalSection
	GlobalSection(SolutionProperties) = preSolution
		HideSolutionNode = FALSE
	EndGlobalSection
	GlobalSection(ExtensibilityGlobals) = postSolution
		SolutionGuid = {C17F0274-D3EF-40D5-902E-8B3ECA9D935A}
	EndGlobalSection
EndGlobal
