
Microsoft Visual Studio Solution File, Format Version 12.00
# Visual Studio Version 17
VisualStudioVersion = 17.2.32616.157
MinimumVisualStudioVersion = 10.0.40219.1
Project("{FAE04EC0-301F-11D3-BF4B-00C04F79EFBC}") = "Registration", "Registration\Registration.csproj", "{3C8F888D-C7DC-4C32-B51B-B151773F5B9C}"
EndProject
Global
	GlobalSection(SolutionConfigurationPlatforms) = preSolution
		Debug|Any CPU = Debug|Any CPU
		Release|Any CPU = Release|Any CPU
	EndGlobalSection
	GlobalSection(ProjectConfigurationPlatforms) = postSolution
		{3C8F888D-C7DC-4C32-B51B-B151773F5B9C}.Debug|Any CPU.ActiveCfg = Debug|Any CPU
		{3C8F888D-C7DC-4C32-B51B-B151773F5B9C}.Debug|Any CPU.Build.0 = Debug|Any CPU
		{3C8F888D-C7DC-4C32-B51B-B151773F5B9C}.Release|Any CPU.ActiveCfg = Release|Any CPU
		{3C8F888D-C7DC-4C32-B51B-B151773F5B9C}.Release|Any CPU.Build.0 = Release|Any CPU
	EndGlobalSection
	GlobalSection(SolutionProperties) = preSolution
		HideSolutionNode = FALSE
	EndGlobalSection
	GlobalSection(ExtensibilityGlobals) = postSolution
		SolutionGuid = {07467936-9F0A-4350-A6DA-CBA5AD0B1C8C}
	EndGlobalSection
EndGlobal
